<?xml version="1.0" encoding="utf-8"?>
<Project ToolsVersion="4.0" xmlns="http://schemas.microsoft.com/developer/msbuild/2003">
  <ItemGroup>
    <Filter Include="Source Files">
      <UniqueIdentifier>{4FC737F1-C7A5-4376-A066-2A32D752A2FF}</UniqueIdentifier>
      <Extensions>cpp;c;cc;cxx;c++;cppm;ixx;def;odl;idl;hpj;bat;asm;asmx</Extensions>
    </Filter>
    <Filter Include="Header Files">
      <UniqueIdentifier>{93995380-89BD-4b04-88EB-625FBE52EBFB}</UniqueIdentifier>
      <Extensions>h;hh;hpp;hxx;h++;hm;inl;inc;ipp;xsd</Extensions>
    </Filter>
    <Filter Include="Resource Files">
      <UniqueIdentifier>{67DA6AB6-F800-4c08-8B7A-83BB121AAD01}</UniqueIdentifier>
      <Extensions>rc;ico;cur;bmp;dlg;rc2;rct;bin;rgs;gif;jpg;jpeg;jpe;resx;tiff;tif;png;wav;mfcribbon-ms</Extensions>
    </Filter>
    <Filter Include="Shaders">
      <UniqueIdentifier>{29d06fa0-8ff4-4391-8099-2fb6230c8883}</UniqueIdentifier>
    </Filter>
    <Filter Include="GLUtils">
      <UniqueIdentifier>{e3ea0871-c349-43fb-a1aa-de261e349d36}</UniqueIdentifier>
    </Filter>
    <Filter Include="Kernels">
      <UniqueIdentifier>{68df0a65-dc44-4295-99a3-fad1ed5a2328}</UniqueIdentifier>
    </Filter>
  </ItemGroup>
  <ItemGroup>
    <ClCompile Include="main.cpp">
      <Filter>Source Files</Filter>
    </ClCompile>
    <ClCompile Include="SHMManager.cpp">
      <Filter>Source Files</Filter>
    </ClCompile>
    <ClCompile Include="PointCloud.cpp">
      <Filter>Source Files</Filter>
    </ClCompile>
    <ClCompile Include="Includes\gCamera.cpp">
      <Filter>Source Files</Filter>
    </ClCompile>
    <ClCompile Include="Includes\GLconversions.cpp">
      <Filter>Source Files</Filter>
    </ClCompile>
    <ClCompile Include="Includes\GLDebugMessageCallback.cpp">
      <Filter>Source Files</Filter>
    </ClCompile>
    <ClCompile Include="Includes\Mesh_OGL3.cpp">
      <Filter>Source Files</Filter>
    </ClCompile>
    <ClCompile Include="Includes\ObjParser_OGL3.cpp">
      <Filter>Source Files</Filter>
    </ClCompile>
    <ClCompile Include="Includes\ProgramObject.cpp">
      <Filter>Source Files</Filter>
    </ClCompile>
    <ClCompile Include="Includes\ShaderObject.cpp">
      <Filter>Source Files</Filter>
    </ClCompile>
    <ClCompile Include="Includes\VertexArrayObject.cpp">
      <Filter>Source Files</Filter>
    </ClCompile>
    <ClCompile Include="App.cpp">
      <Filter>Source Files</Filter>
    </ClCompile>
    <ClCompile Include="CylinderFitter.cpp">
      <Filter>Source Files</Filter>
    </ClCompile>
    <ClCompile Include="SphereFitter.cpp">
      <Filter>Source Files</Filter>
    </ClCompile>
  </ItemGroup>
  <ItemGroup>
    <ClInclude Include="SHMManager.h">
      <Filter>Header Files</Filter>
    </ClInclude>
    <ClInclude Include="PointCloud.h">
      <Filter>Header Files</Filter>
    </ClInclude>
    <ClInclude Include="Includes\BufferObject.h">
      <Filter>GLUtils</Filter>
    </ClInclude>
    <ClInclude Include="Includes\gCamera.h">
      <Filter>GLUtils</Filter>
    </ClInclude>
    <ClInclude Include="Includes\GLconversions.hpp">
      <Filter>GLUtils</Filter>
    </ClInclude>
    <ClInclude Include="Includes\GLDebugMessageCallback.h">
      <Filter>GLUtils</Filter>
    </ClInclude>
    <ClInclude Include="Includes\GLUtils.hpp">
      <Filter>GLUtils</Filter>
    </ClInclude>
    <ClInclude Include="Includes\Mesh_OGL3.h">
      <Filter>GLUtils</Filter>
    </ClInclude>
    <ClInclude Include="Includes\ObjParser_OGL3.h">
      <Filter>GLUtils</Filter>
    </ClInclude>
    <ClInclude Include="Includes\ProgramObject.h">
      <Filter>GLUtils</Filter>
    </ClInclude>
    <ClInclude Include="Includes\ShaderObject.h">
      <Filter>GLUtils</Filter>
    </ClInclude>
    <ClInclude Include="Includes\TextureObject.h">
      <Filter>GLUtils</Filter>
    </ClInclude>
    <ClInclude Include="Includes\VertexArrayObject.h">
      <Filter>GLUtils</Filter>
    </ClInclude>
    <ClInclude Include="App.h">
      <Filter>Header Files</Filter>
    </ClInclude>
    <ClInclude Include="CylinderFitter.h">
      <Filter>Header Files</Filter>
    </ClInclude>
    <ClInclude Include="IFitter.h">
      <Filter>Header Files</Filter>
    </ClInclude>
    <ClInclude Include="SphereFitter.h">
      <Filter>Header Files</Filter>
    </ClInclude>
  </ItemGroup>
  <ItemGroup>
    <None Include="cloud.frag">
      <Filter>Shaders</Filter>
    </None>
    <None Include="Includes\BufferObject.inl">
      <Filter>GLUtils</Filter>
    </None>
    <None Include="Includes\ProgramObject.inl">
      <Filter>GLUtils</Filter>
    </None>
    <None Include="Includes\TextureObject.inl">
      <Filter>GLUtils</Filter>
    </None>
    <None Include="Includes\VertexArrayObject.inl">
      <Filter>GLUtils</Filter>
    </None>
    <None Include="sphere_detect.cl">
      <Filter>Kernels</Filter>
    </None>
    <None Include="cloud.vert">
      <Filter>Shaders</Filter>
    </None>
    <None Include="cylinder_detect.cl">
      <Filter>Kernels</Filter>
    </None>
  </ItemGroup>
</Project>